// !$*UTF8*$!
{
	archiveVersion = 1;
	classes = {
	};
	objectVersion = 46;
	objects = {

/* Begin PBXBuildFile section */
		C377DCC31E58AE2E006E7332 /* AppDelegate.swift in Sources */ = {isa = PBXBuildFile; fileRef = C377DCC21E58AE2E006E7332 /* AppDelegate.swift */; };
		C377DCC51E58AE2E006E7332 /* ViewController.swift in Sources */ = {isa = PBXBuildFile; fileRef = C377DCC41E58AE2E006E7332 /* ViewController.swift */; };
		C377DCC81E58AE2E006E7332 /* Main.storyboard in Resources */ = {isa = PBXBuildFile; fileRef = C377DCC61E58AE2E006E7332 /* Main.storyboard */; };
		C377DCCA1E58AE2E006E7332 /* Assets.xcassets in Resources */ = {isa = PBXBuildFile; fileRef = C377DCC91E58AE2E006E7332 /* Assets.xcassets */; };
		C377DCCD1E58AE2E006E7332 /* LaunchScreen.storyboard in Resources */ = {isa = PBXBuildFile; fileRef = C377DCCB1E58AE2E006E7332 /* LaunchScreen.storyboard */; };
		C377DCD81E58AE2E006E7332 /* HighPrecisionCalculateTests.swift in Sources */ = {isa = PBXBuildFile; fileRef = C377DCD71E58AE2E006E7332 /* HighPrecisionCalculateTests.swift */; };
		C377DCE31E58AE2E006E7332 /* HighPrecisionCalculateUITests.swift in Sources */ = {isa = PBXBuildFile; fileRef = C377DCE21E58AE2E006E7332 /* HighPrecisionCalculateUITests.swift */; };
/* End PBXBuildFile section */

/* Begin PBXContainerItemProxy section */
		C377DCD41E58AE2E006E7332 /* PBXContainerItemProxy */ = {
			isa = PBXContainerItemProxy;
			containerPortal = C377DCB71E58AE2E006E7332 /* Project object */;
			proxyType = 1;
			remoteGlobalIDString = C377DCBE1E58AE2E006E7332;
			remoteInfo = HighPrecisionCalculate;
		};
		C377DCDF1E58AE2E006E7332 /* PBXContainerItemProxy */ = {
			isa = PBXContainerItemProxy;
			containerPortal = C377DCB71E58AE2E006E7332 /* Project object */;
			proxyType = 1;
			remoteGlobalIDString = C377DCBE1E58AE2E006E7332;
			remoteInfo = HighPrecisionCalculate;
		};
/* End PBXContainerItemProxy section */

/* Begin PBXFileReference section */
		C377DCBF1E58AE2E006E7332 /* HighPrecisionCalculate.app */ = {isa = PBXFileReference; explicitFileType = wrapper.application; includeInIndex = 0; path = HighPrecisionCalculate.app; sourceTree = BUILT_PRODUCTS_DIR; };
		C377DCC21E58AE2E006E7332 /* AppDelegate.swift */ = {isa = PBXFileReference; lastKnownFileType = sourcecode.swift; path = AppDelegate.swift; sourceTree = "<group>"; };
		C377DCC41E58AE2E006E7332 /* ViewController.swift */ = {isa = PBXFileReference; lastKnownFileType = sourcecode.swift; path = ViewController.swift; sourceTree = "<group>"; };
		C377DCC71E58AE2E006E7332 /* Base */ = {isa = PBXFileReference; lastKnownFileType = file.storyboard; name = Base; path = Base.lproj/Main.storyboard; sourceTree = "<group>"; };
		C377DCC91E58AE2E006E7332 /* Assets.xcassets */ = {isa = PBXFileReference; lastKnownFileType = folder.assetcatalog; path = Assets.xcassets; sourceTree = "<group>"; };
		C377DCCC1E58AE2E006E7332 /* Base */ = {isa = PBXFileReference; lastKnownFileType = file.storyboard; name = Base; path = Base.lproj/LaunchScreen.storyboard; sourceTree = "<group>"; };
		C377DCCE1E58AE2E006E7332 /* Info.plist */ = {isa = PBXFileReference; lastKnownFileType = text.plist.xml; path = Info.plist; sourceTree = "<group>"; };
		C377DCD31E58AE2E006E7332 /* HighPrecisionCalculateTests.xctest */ = {isa = PBXFileReference; explicitFileType = wrapper.cfbundle; includeInIndex = 0; path = HighPrecisionCalculateTests.xctest; sourceTree = BUILT_PRODUCTS_DIR; };
		C377DCD71E58AE2E006E7332 /* HighPrecisionCalculateTests.swift */ = {isa = PBXFileReference; lastKnownFileType = sourcecode.swift; path = HighPrecisionCalculateTests.swift; sourceTree = "<group>"; };
		C377DCD91E58AE2E006E7332 /* Info.plist */ = {isa = PBXFileReference; lastKnownFileType = text.plist.xml; path = Info.plist; sourceTree = "<group>"; };
		C377DCDE1E58AE2E006E7332 /* HighPrecisionCalculateUITests.xctest */ = {isa = PBXFileReference; explicitFileType = wrapper.cfbundle; includeInIndex = 0; path = HighPrecisionCalculateUITests.xctest; sourceTree = BUILT_PRODUCTS_DIR; };
		C377DCE21E58AE2E006E7332 /* HighPrecisionCalculateUITests.swift */ = {isa = PBXFileReference; lastKnownFileType = sourcecode.swift; path = HighPrecisionCalculateUITests.swift; sourceTree = "<group>"; };
		C377DCE41E58AE2E006E7332 /* Info.plist */ = {isa = PBXFileReference; lastKnownFileType = text.plist.xml; path = Info.plist; sourceTree = "<group>"; };
/* End PBXFileReference section */

/* Begin PBXFrameworksBuildPhase section */
		C377DCBC1E58AE2E006E7332 /* Frameworks */ = {
			isa = PBXFrameworksBuildPhase;
			buildActionMask = 2147483647;
			files = (
			);
			runOnlyForDeploymentPostprocessing = 0;
		};
		C377DCD01E58AE2E006E7332 /* Frameworks */ = {
			isa = PBXFrameworksBuildPhase;
			buildActionMask = 2147483647;
			files = (
			);
			runOnlyForDeploymentPostprocessing = 0;
		};
		C377DCDB1E58AE2E006E7332 /* Frameworks */ = {
			isa = PBXFrameworksBuildPhase;
			buildActionMask = 2147483647;
			files = (
			);
			runOnlyForDeploymentPostprocessing = 0;
		};
/* End PBXFrameworksBuildPhase section */

/* Begin PBXGroup section */
		C377DCB61E58AE2E006E7332 = {
			isa = PBXGroup;
			children = (
				C377DCC11E58AE2E006E7332 /* HighPrecisionCalculate */,
				C377DCD61E58AE2E006E7332 /* HighPrecisionCalculateTests */,
				C377DCE11E58AE2E006E7332 /* HighPrecisionCalculateUITests */,
				C377DCC01E58AE2E006E7332 /* Products */,
			);
			sourceTree = "<group>";
		};
		C377DCC01E58AE2E006E7332 /* Products */ = {
			isa = PBXGroup;
			children = (
				C377DCBF1E58AE2E006E7332 /* HighPrecisionCalculate.app */,
				C377DCD31E58AE2E006E7332 /* HighPrecisionCalculateTests.xctest */,
				C377DCDE1E58AE2E006E7332 /* HighPrecisionCalculateUITests.xctest */,
			);
			name = Products;
			sourceTree = "<group>";
		};
		C377DCC11E58AE2E006E7332 /* HighPrecisionCalculate */ = {
			isa = PBXGroup;
			children = (
				C377DCC21E58AE2E006E7332 /* AppDelegate.swift */,
				C377DCC41E58AE2E006E7332 /* ViewController.swift */,
				C377DCC61E58AE2E006E7332 /* Main.storyboard */,
				C377DCC91E58AE2E006E7332 /* Assets.xcassets */,
				C377DCCB1E58AE2E006E7332 /* LaunchScreen.storyboard */,
				C377DCCE1E58AE2E006E7332 /* Info.plist */,
			);
			path = HighPrecisionCalculate;
			sourceTree = "<group>";
		};
		C377DCD61E58AE2E006E7332 /* HighPrecisionCalculateTests */ = {
			isa = PBXGroup;
			children = (
				C377DCD71E58AE2E006E7332 /* HighPrecisionCalculateTests.swift */,
				C377DCD91E58AE2E006E7332 /* Info.plist */,
			);
			path = HighPrecisionCalculateTests;
			sourceTree = "<group>";
		};
		C377DCE11E58AE2E006E7332 /* HighPrecisionCalculateUITests */ = {
			isa = PBXGroup;
			children = (
				C377DCE21E58AE2E006E7332 /* HighPrecisionCalculateUITests.swift */,
				C377DCE41E58AE2E006E7332 /* Info.plist */,
			);
			path = HighPrecisionCalculateUITests;
			sourceTree = "<group>";
		};
/* End PBXGroup section */

/* Begin PBXNativeTarget section */
		C377DCBE1E58AE2E006E7332 /* HighPrecisionCalculate */ = {
			isa = PBXNativeTarget;
			buildConfigurationList = C377DCE71E58AE2E006E7332 /* Build configuration list for PBXNativeTarget "HighPrecisionCalculate" */;
			buildPhases = (
				C377DCBB1E58AE2E006E7332 /* Sources */,
				C377DCBC1E58AE2E006E7332 /* Frameworks */,
				C377DCBD1E58AE2E006E7332 /* Resources */,
			);
			buildRules = (
			);
			dependencies = (
			);
			name = HighPrecisionCalculate;
			productName = HighPrecisionCalculate;
			productReference = C377DCBF1E58AE2E006E7332 /* HighPrecisionCalculate.app */;
			productType = "com.apple.product-type.application";
		};
		C377DCD21E58AE2E006E7332 /* HighPrecisionCalculateTests */ = {
			isa = PBXNativeTarget;
			buildConfigurationList = C377DCEA1E58AE2E006E7332 /* Build configuration list for PBXNativeTarget "HighPrecisionCalculateTests" */;
			buildPhases = (
				C377DCCF1E58AE2E006E7332 /* Sources */,
				C377DCD01E58AE2E006E7332 /* Frameworks */,
				C377DCD11E58AE2E006E7332 /* Resources */,
			);
			buildRules = (
			);
			dependencies = (
				C377DCD51E58AE2E006E7332 /* PBXTargetDependency */,
			);
			name = HighPrecisionCalculateTests;
			productName = HighPrecisionCalculateTests;
			productReference = C377DCD31E58AE2E006E7332 /* HighPrecisionCalculateTests.xctest */;
			productType = "com.apple.product-type.bundle.unit-test";
		};
		C377DCDD1E58AE2E006E7332 /* HighPrecisionCalculateUITests */ = {
			isa = PBXNativeTarget;
			buildConfigurationList = C377DCED1E58AE2E006E7332 /* Build configuration list for PBXNativeTarget "HighPrecisionCalculateUITests" */;
			buildPhases = (
				C377DCDA1E58AE2E006E7332 /* Sources */,
				C377DCDB1E58AE2E006E7332 /* Frameworks */,
				C377DCDC1E58AE2E006E7332 /* Resources */,
			);
			buildRules = (
			);
			dependencies = (
				C377DCE01E58AE2E006E7332 /* PBXTargetDependency */,
			);
			name = HighPrecisionCalculateUITests;
			productName = HighPrecisionCalculateUITests;
			productReference = C377DCDE1E58AE2E006E7332 /* HighPrecisionCalculateUITests.xctest */;
			productType = "com.apple.product-type.bundle.ui-testing";
		};
/* End PBXNativeTarget section */

/* Begin PBXProject section */
		C377DCB71E58AE2E006E7332 /* Project object */ = {
			isa = PBXProject;
			attributes = {
				LastSwiftUpdateCheck = 0820;
				LastUpgradeCheck = 0820;
				ORGANIZATIONNAME = AIE_iOS;
				TargetAttributes = {
					C377DCBE1E58AE2E006E7332 = {
						CreatedOnToolsVersion = 8.2.1;
						DevelopmentTeam = LZRTYUVNHT;
						ProvisioningStyle = Automatic;
					};
					C377DCD21E58AE2E006E7332 = {
						CreatedOnToolsVersion = 8.2.1;
						DevelopmentTeam = LZRTYUVNHT;
						ProvisioningStyle = Automatic;
						TestTargetID = C377DCBE1E58AE2E006E7332;
					};
					C377DCDD1E58AE2E006E7332 = {
						CreatedOnToolsVersion = 8.2.1;
						DevelopmentTeam = LZRTYUVNHT;
						ProvisioningStyle = Automatic;
						TestTargetID = C377DCBE1E58AE2E006E7332;
					};
				};
			};
			buildConfigurationList = C377DCBA1E58AE2E006E7332 /* Build configuration list for PBXProject "HighPrecisionCalculate" */;
			compatibilityVersion = "Xcode 3.2";
			developmentRegion = English;
			hasScannedForEncodings = 0;
			knownRegions = (
				en,
				Base,
			);
			mainGroup = C377DCB61E58AE2E006E7332;
			productRefGroup = C377DCC01E58AE2E006E7332 /* Products */;
			projectDirPath = "";
			projectRoot = "";
			targets = (
				C377DCBE1E58AE2E006E7332 /* HighPrecisionCalculate */,
				C377DCD21E58AE2E006E7332 /* HighPrecisionCalculateTests */,
				C377DCDD1E58AE2E006E7332 /* HighPrecisionCalculateUITests */,
			);
		};
/* End PBXProject section */

/* Begin PBXResourcesBuildPhase section */
		C377DCBD1E58AE2E006E7332 /* Resources */ = {
			isa = PBXResourcesBuildPhase;
			buildActionMask = 2147483647;
			files = (
				C377DCCD1E58AE2E006E7332 /* LaunchScreen.storyboard in Resources */,
				C377DCCA1E58AE2E006E7332 /* Assets.xcassets in Resources */,
				C377DCC81E58AE2E006E7332 /* Main.storyboard in Resources */,
			);
			runOnlyForDeploymentPostprocessing = 0;
		};
		C377DCD11E58AE2E006E7332 /* Resources */ = {
			isa = PBXResourcesBuildPhase;
			buildActionMask = 2147483647;
			files = (
			);
			runOnlyForDeploymentPostprocessing = 0;
		};
		C377DCDC1E58AE2E006E7332 /* Resources */ = {
			isa = PBXResourcesBuildPhase;
			buildActionMask = 2147483647;
			files = (
			);
			runOnlyForDeploymentPostprocessing = 0;
		};
/* End PBXResourcesBuildPhase section */

/* Begin PBXSourcesBuildPhase section */
		C377DCBB1E58AE2E006E7332 /* Sources */ = {
			isa = PBXSourcesBuildPhase;
			buildActionMask = 2147483647;
			files = (
				C377DCC51E58AE2E006E7332 /* ViewController.swift in Sources */,
				C377DCC31E58AE2E006E7332 /* AppDelegate.swift in Sources */,
			);
			runOnlyForDeploymentPostprocessing = 0;
		};
		C377DCCF1E58AE2E006E7332 /* Sources */ = {
			isa = PBXSourcesBuildPhase;
			buildActionMask = 2147483647;
			files = (
				C377DCD81E58AE2E006E7332 /* HighPrecisionCalculateTests.swift in Sources */,
			);
			runOnlyForDeploymentPostprocessing = 0;
		};
		C377DCDA1E58AE2E006E7332 /* Sources */ = {
			isa = PBXSourcesBuildPhase;
			buildActionMask = 2147483647;
			files = (
				C377DCE31E58AE2E006E7332 /* HighPrecisionCalculateUITests.swift in Sources */,
			);
			runOnlyForDeploymentPostprocessing = 0;
		};
/* End PBXSourcesBuildPhase section */

/* Begin PBXTargetDependency section */
		C377DCD51E58AE2E006E7332 /* PBXTargetDependency */ = {
			isa = PBXTargetDependency;
			target = C377DCBE1E58AE2E006E7332 /* HighPrecisionCalculate */;
			targetProxy = C377DCD41E58AE2E006E7332 /* PBXContainerItemProxy */;
		};
		C377DCE01E58AE2E006E7332 /* PBXTargetDependency */ = {
			isa = PBXTargetDependency;
			target = C377DCBE1E58AE2E006E7332 /* HighPrecisionCalculate */;
			targetProxy = C377DCDF1E58AE2E006E7332 /* PBXContainerItemProxy */;
		};
/* End PBXTargetDependency section */

/* Begin PBXVariantGroup section */
		C377DCC61E58AE2E006E7332 /* Main.storyboard */ = {
			isa = PBXVariantGroup;
			children = (
				C377DCC71E58AE2E006E7332 /* Base */,
			);
			name = Main.storyboard;
			sourceTree = "<group>";
		};
		C377DCCB1E58AE2E006E7332 /* LaunchScreen.storyboard */ = {
			isa = PBXVariantGroup;
			children = (
				C377DCCC1E58AE2E006E7332 /* Base */,
			);
			name = LaunchScreen.storyboard;
			sourceTree = "<group>";
		};
/* End PBXVariantGroup section */

/* Begin XCBuildConfiguration section */
		C377DCE51E58AE2E006E7332 /* Debug */ = {
			isa = XCBuildConfiguration;
			buildSettings = {
				ALWAYS_SEARCH_USER_PATHS = NO;
				CLANG_ANALYZER_NONNULL = YES;
				CLANG_CXX_LANGUAGE_STANDARD = "gnu++0x";
				CLANG_CXX_LIBRARY = "libc++";
				CLANG_ENABLE_MODULES = YES;
				CLANG_ENABLE_OBJC_ARC = YES;
				CLANG_WARN_BOOL_CONVERSION = YES;
				CLANG_WARN_CONSTANT_CONVERSION = YES;
				CLANG_WARN_DIRECT_OBJC_ISA_USAGE = YES_ERROR;
				CLANG_WARN_DOCUMENTATION_COMMENTS = YES;
				CLANG_WARN_EMPTY_BODY = YES;
				CLANG_WARN_ENUM_CONVERSION = YES;
				CLANG_WARN_INFINITE_RECURSION = YES;
				CLANG_WARN_INT_CONVERSION = YES;
				CLANG_WARN_OBJC_ROOT_CLASS = YES_ERROR;
				CLANG_WARN_SUSPICIOUS_MOVE = YES;
				CLANG_WARN_UNREACHABLE_CODE = YES;
				CLANG_WARN__DUPLICATE_METHOD_MATCH = YES;
				"CODE_SIGN_IDENTITY[sdk=iphoneos*]" = "iPhone Developer";
				COPY_PHASE_STRIP = NO;
				DEBUG_INFORMATION_FORMAT = dwarf;
				ENABLE_STRICT_OBJC_MSGSEND = YES;
				ENABLE_TESTABILITY = YES;
				GCC_C_LANGUAGE_STANDARD = gnu99;
				GCC_DYNAMIC_NO_PIC = NO;
				GCC_NO_COMMON_BLOCKS = YES;
				GCC_OPTIMIZATION_LEVEL = 0;
				GCC_PREPROCESSOR_DEFINITIONS = (
					"DEBUG=1",
					"$(inherited)",
				);
				GCC_WARN_64_TO_32_BIT_CONVERSION = YES;
				GCC_WARN_ABOUT_RETURN_TYPE = YES_ERROR;
				GCC_WARN_UNDECLARED_SELECTOR = YES;
				GCC_WARN_UNINITIALIZED_AUTOS = YES_AGGRESSIVE;
				GCC_WARN_UNUSED_FUNCTION = YES;
				GCC_WARN_UNUSED_VARIABLE = YES;
				IPHONEOS_DEPLOYMENT_TARGET = 10.2;
				MTL_ENABLE_DEBUG_INFO = YES;
				ONLY_ACTIVE_ARCH = YES;
				SDKROOT = iphoneos;
				SWIFT_ACTIVE_COMPILATION_CONDITIONS = DEBUG;
				SWIFT_OPTIMIZATION_LEVEL = "-Onone";
			};
			name = Debug;
		};
		C377DCE61E58AE2E006E7332 /* Release */ = {
			isa = XCBuildConfiguration;
			buildSettings = {
				ALWAYS_SEARCH_USER_PATHS = NO;
				CLANG_ANALYZER_NONNULL = YES;
				CLANG_CXX_LANGUAGE_STANDARD = "gnu++0x";
				CLANG_CXX_LIBRARY = "libc++";
				CLANG_ENABLE_MODULES = YES;
				CLANG_ENABLE_OBJC_ARC = YES;
				CLANG_WARN_BOOL_CONVERSION = YES;
				CLANG_WARN_CONSTANT_CONVERSION = YES;
				CLANG_WARN_DIRECT_OBJC_ISA_USAGE = YES_ERROR;
				CLANG_WARN_DOCUMENTATION_COMMENTS = YES;
				CLANG_WARN_EMPTY_BODY = YES;
				CLANG_WARN_ENUM_CONVERSION = YES;
				CLANG_WARN_INFINITE_RECURSION = YES;
				CLANG_WARN_INT_CONVERSION = YES;
				CLANG_WARN_OBJC_ROOT_CLASS = YES_ERROR;
				CLANG_WARN_SUSPICIOUS_MOVE = YES;
				CLANG_WARN_UNREACHABLE_CODE = YES;
				CLANG_WARN__DUPLICATE_METHOD_MATCH = YES;
				"CODE_SIGN_IDENTITY[sdk=iphoneos*]" = "iPhone Developer";
				COPY_PHASE_STRIP = NO;
				DEBUG_INFORMATION_FORMAT = "dwarf-with-dsym";
				ENABLE_NS_ASSERTIONS = NO;
				ENABLE_STRICT_OBJC_MSGSEND = YES;
				GCC_C_LANGUAGE_STANDARD = gnu99;
				GCC_NO_COMMON_BLOCKS = YES;
				GCC_WARN_64_TO_32_BIT_CONVERSION = YES;
				GCC_WARN_ABOUT_RETURN_TYPE = YES_ERROR;
				GCC_WARN_UNDECLARED_SELECTOR = YES;
				GCC_WARN_UNINITIALIZED_AUTOS = YES_AGGRESSIVE;
				GCC_WARN_UNUSED_FUNCTION = YES;
				GCC_WARN_UNUSED_VARIABLE = YES;
				IPHONEOS_DEPLOYMENT_TARGET = 10.2;
				MTL_ENABLE_DEBUG_INFO = NO;
				SDKROOT = iphoneos;
				SWIFT_OPTIMIZATION_LEVEL = "-Owholemodule";
				VALIDATE_PRODUCT = YES;
			};
			name = Release;
		};
		C377DCE81E58AE2E006E7332 /* Debug */ = {
			isa = XCBuildConfiguration;
			buildSettings = {
				ASSETCATALOG_COMPILER_APPICON_NAME = AppIcon;
				DEVELOPMENT_TEAM = LZRTYUVNHT;
				INFOPLIST_FILE = HighPrecisionCalculate/Info.plist;
				LD_RUNPATH_SEARCH_PATHS = "$(inherited) @executable_path/Frameworks";
				PRODUCT_BUNDLE_IDENTIFIER = com.aie.HighPrecisionCalculate;
				PRODUCT_NAME = "$(TARGET_NAME)";
				SWIFT_VERSION = 3.0;
			};
			name = Debug;
		};
		C377DCE91E58AE2E006E7332 /* Release */ = {
			isa = XCBuildConfiguration;
			buildSettings = {
				ASSETCATALOG_COMPILER_APPICON_NAME = AppIcon;
				DEVELOPMENT_TEAM = LZRTYUVNHT;
				INFOPLIST_FILE = HighPrecisionCalculate/Info.plist;
				LD_RUNPATH_SEARCH_PATHS = "$(inherited) @executable_path/Frameworks";
				PRODUCT_BUNDLE_IDENTIFIER = com.aie.HighPrecisionCalculate;
				PRODUCT_NAME = "$(TARGET_NAME)";
				SWIFT_VERSION = 3.0;
			};
			name = Release;
		};
		C377DCEB1E58AE2E006E7332 /* Debug */ = {
			isa = XCBuildConfiguration;
			buildSettings = {
				ALWAYS_EMBED_SWIFT_STANDARD_LIBRARIES = YES;
				BUNDLE_LOADER = "$(TEST_HOST)";
				DEVELOPMENT_TEAM = LZRTYUVNHT;
				INFOPLIST_FILE = HighPrecisionCalculateTests/Info.plist;
				LD_RUNPATH_SEARCH_PATHS = "$(inherited) @executable_path/Frameworks @loader_path/Frameworks";
				PRODUCT_BUNDLE_IDENTIFIER = com.aie.HighPrecisionCalculateTests;
				PRODUCT_NAME = "$(TARGET_NAME)";
				SWIFT_VERSION = 3.0;
				TEST_HOST = "$(BUILT_PRODUCTS_DIR)/HighPrecisionCalculate.app/HighPrecisionCalculate";
			};
			name = Debug;
		};
		C377DCEC1E58AE2E006E7332 /* Release */ = {
			isa = XCBuildConfiguration;
			buildSettings = {
				ALWAYS_EMBED_SWIFT_STANDARD_LIBRARIES = YES;
				BUNDLE_LOADER = "$(TEST_HOST)";
				DEVELOPMENT_TEAM = LZRTYUVNHT;
				INFOPLIST_FILE = HighPrecisionCalculateTests/Info.plist;
				LD_RUNPATH_SEARCH_PATHS = "$(inherited) @executable_path/Frameworks @loader_path/Frameworks";
				PRODUCT_BUNDLE_IDENTIFIER = com.aie.HighPrecisionCalculateTests;
				PRODUCT_NAME = "$(TARGET_NAME)";
				SWIFT_VERSION = 3.0;
				TEST_HOST = "$(BUILT_PRODUCTS_DIR)/HighPrecisionCalculate.app/HighPrecisionCalculate";
			};
			name = Release;
		};
		C377DCEE1E58AE2E006E7332 /* Debug */ = {
			isa = XCBuildConfiguration;
			buildSettings = {
				ALWAYS_EMBED_SWIFT_STANDARD_LIBRARIES = YES;
				DEVELOPMENT_TEAM = LZRTYUVNHT;
				INFOPLIST_FILE = HighPrecisionCalculateUITests/Info.plist;
				LD_RUNPATH_SEARCH_PATHS = "$(inherited) @executable_path/Frameworks @loader_path/Frameworks";
				PRODUCT_BUNDLE_IDENTIFIER = com.aie.HighPrecisionCalculateUITests;
				PRODUCT_NAME = "$(TARGET_NAME)";
				SWIFT_VERSION = 3.0;
				TEST_TARGET_NAME = HighPrecisionCalculate;
			};
			name = Debug;
		};
		C377DCEF1E58AE2E006E7332 /* Release */ = {
			isa = XCBuildConfiguration;
			buildSettings = {
				ALWAYS_EMBED_SWIFT_STANDARD_LIBRARIES = YES;
				DEVELOPMENT_TEAM = LZRTYUVNHT;
				INFOPLIST_FILE = HighPrecisionCalculateUITests/Info.plist;
				LD_RUNPATH_SEARCH_PATHS = "$(inherited) @executable_path/Frameworks @loader_path/Frameworks";
				PRODUCT_BUNDLE_IDENTIFIER = com.aie.HighPrecisionCalculateUITests;
				PRODUCT_NAME = "$(TARGET_NAME)";
				SWIFT_VERSION = 3.0;
				TEST_TARGET_NAME = HighPrecisionCalculate;
			};
			name = Release;
		};
/* End XCBuildConfiguration section */

/* Begin XCConfigurationList section */
		C377DCBA1E58AE2E006E7332 /* Build configuration list for PBXProject "HighPrecisionCalculate" */ = {
			isa = XCConfigurationList;
			buildConfigurations = (
				C377DCE51E58AE2E006E7332 /* Debug */,
				C377DCE61E58AE2E006E7332 /* Release */,
			);
			defaultConfigurationIsVisible = 0;
			defaultConfigurationName = Release;
		};
		C377DCE71E58AE2E006E7332 /* Build configuration list for PBXNativeTarget "HighPrecisionCalculate" */ = {
			isa = XCConfigurationList;
			buildConfigurations = (
				C377DCE81E58AE2E006E7332 /* Debug */,
				C377DCE91E58AE2E006E7332 /* Release */,
			);
			defaultConfigurationIsVisible = 0;
		};
		C377DCEA1E58AE2E006E7332 /* Build configuration list for PBXNativeTarget "HighPrecisionCalculateTests" */ = {
			isa = XCConfigurationList;
			buildConfigurations = (
				C377DCEB1E58AE2E006E7332 /* Debug */,
				C377DCEC1E58AE2E006E7332 /* Release */,
			);
			defaultConfigurationIsVisible = 0;
		};
		C377DCED1E58AE2E006E7332 /* Build configuration list for PBXNativeTarget "HighPrecisionCalculateUITests" */ = {
			isa = XCConfigurationList;
			buildConfigurations = (
				C377DCEE1E58AE2E006E7332 /* Debug */,
				C377DCEF1E58AE2E006E7332 /* Release */,
			);
			defaultConfigurationIsVisible = 0;
		};
/* End XCConfigurationList section */
	};
	rootObject = C377DCB71E58AE2E006E7332 /* Project object */;
}
